
Microsoft Visual Studio Solution File, Format Version 12.00
# Visual Studio 15
VisualStudioVersion = 15.0.28010.2036
MinimumVisualStudioVersion = 10.0.40219.1
Project("{FAE04EC0-301F-11D3-BF4B-00C04F79EFBC}") = "BadWebServer", "BadWebServer\BadWebServer.csproj", "{88EEE7E8-01D9-4BB7-9D79-284D6FEC28F6}"
EndProject
Global
	GlobalSection(SolutionConfigurationPlatforms) = preSolution
		Debug|Any CPU = Debug|Any CPU
		Release|Any CPU = Release|Any CPU
	EndGlobalSection
	GlobalSection(ProjectConfigurationPlatforms) = postSolution
		{88EEE7E8-01D9-4BB7-9D79-284D6FEC28F6}.Debug|Any CPU.ActiveCfg = Debug|Any CPU
		{88EEE7E8-01D9-4BB7-9D79-284D6FEC28F6}.Debug|Any CPU.Build.0 = Debug|Any CPU
		{88EEE7E8-01D9-4BB7-9D79-284D6FEC28F6}.Release|Any CPU.ActiveCfg = Release|Any CPU
		{88EEE7E8-01D9-4BB7-9D79-284D6FEC28F6}.Release|Any CPU.Build.0 = Release|Any CPU
	EndGlobalSection
	GlobalSection(SolutionProperties) = preSolution
		HideSolutionNode = FALSE
	EndGlobalSection
	GlobalSection(ExtensibilityGlobals) = postSolution
		SolutionGuid = {5E7A1052-2EC6-4066-B808-81C49E0E0BB6}
	EndGlobalSection
EndGlobal
